<?xml version="1.0" encoding="utf-8"?>
<Project ToolsVersion="4.0" xmlns="http://schemas.microsoft.com/developer/msbuild/2003">
  <ItemGroup>
    <Filter Include="Source Files">
      <UniqueIdentifier>{4FC737F1-C7A5-4376-A066-2A32D752A2FF}</UniqueIdentifier>
      <Extensions>qml;cpp;c;cc;cxx;def;odl;idl;hpj;bat;asm;asmx</Extensions>
    </Filter>
    <Filter Include="Header Files">
      <UniqueIdentifier>{93995380-89BD-4b04-88EB-625FBE52EBFB}</UniqueIdentifier>
      <Extensions>h;hh;hpp;hxx;hm;inl;inc;xsd</Extensions>
    </Filter>
    <Filter Include="Resource Files">
      <UniqueIdentifier>{67DA6AB6-F800-4c08-8B7A-83BB121AAD01}</UniqueIdentifier>
      <Extensions>qrc;rc;ico;cur;bmp;dlg;rc2;rct;bin;rgs;gif;jpg;jpeg;jpe;resx;tiff;tif;png;wav;mfcribbon-ms</Extensions>
    </Filter>
    <Filter Include="Form Files">
      <UniqueIdentifier>{99349809-55BA-4b9d-BF79-8FDBB0286EB3}</UniqueIdentifier>
      <Extensions>ui</Extensions>
    </Filter>
    <Filter Include="Translation Files">
      <UniqueIdentifier>{639EADAA-A684-42e4-A9AD-28FC9BCB8F7C}</UniqueIdentifier>
      <Extensions>ts</Extensions>
    </Filter>
    <Filter Include="Source Files\ui">
      <UniqueIdentifier>{e1d66c78-c119-4338-a761-aeed33595413}</UniqueIdentifier>
    </Filter>
    <Filter Include="Header Files\ui">
      <UniqueIdentifier>{abf8525a-da3b-4f58-ac21-5233334f89ef}</UniqueIdentifier>
    </Filter>
    <Filter Include="Header Files\shapes">
      <UniqueIdentifier>{fc7bbff1-cd5a-4369-a748-6553b4e31a15}</UniqueIdentifier>
    </Filter>
    <Filter Include="Source Files\shapes">
      <UniqueIdentifier>{6071dcf9-9ddc-466f-bb36-edc21ed682d0}</UniqueIdentifier>
    </Filter>
    <Filter Include="Header Files\core">
      <UniqueIdentifier>{46573a76-7985-48a9-ad8c-e4e8541a4ec3}</UniqueIdentifier>
    </Filter>
    <Filter Include="Source Files\core">
      <UniqueIdentifier>{e04f1421-5798-4b81-8987-1c889d7a71a5}</UniqueIdentifier>
    </Filter>
    <Filter Include="Header Files\plugins">
      <UniqueIdentifier>{8a4cd2dd-1b4b-47dd-a806-103d50be3f07}</UniqueIdentifier>
    </Filter>
    <Filter Include="Include Files">
      <UniqueIdentifier>{2c16564a-3331-45d4-a1a2-600cf9dda5dd}</UniqueIdentifier>
    </Filter>
  </ItemGroup>
  <ItemGroup>
    <QtRcc Include="smpaint.qrc">
      <Filter>Resource Files</Filter>
    </QtRcc>
  </ItemGroup>
  <ItemGroup>
    <ClCompile Include="ui\sidebar.cpp">
      <Filter>Source Files\ui</Filter>
    </ClCompile>
    <ClCompile Include="ui\drawcanvas.cpp">
      <Filter>Source Files\ui</Filter>
    </ClCompile>
    <ClCompile Include="shapes\shape.cpp">
      <Filter>Source Files\shapes</Filter>
    </ClCompile>
    <ClCompile Include="stdafx.cpp">
      <Filter>Source Files\core</Filter>
    </ClCompile>
    <ClCompile Include="smpaint.cpp">
      <Filter>Source Files\core</Filter>
    </ClCompile>
    <ClCompile Include="mainwidget.cpp">
      <Filter>Source Files\core</Filter>
    </ClCompile>
    <ClCompile Include="main.cpp">
      <Filter>Source Files\core</Filter>
    </ClCompile>
    <ClCompile Include="shapes\shapefactory.cpp">
      <Filter>Source Files\shapes</Filter>
    </ClCompile>
    <ClCompile Include="shapes\isosctriangle.cpp">
      <Filter>Source Files\shapes</Filter>
    </ClCompile>
    <ClCompile Include="shapes\ellipse.cpp">
      <Filter>Source Files\shapes</Filter>
    </ClCompile>
    <ClCompile Include="shapes\rectangle.cpp">
      <Filter>Source Files\shapes</Filter>
    </ClCompile>
    <ClCompile Include="shapes\parallelogram.cpp">
      <Filter>Source Files\shapes</Filter>
    </ClCompile>
    <ClCompile Include="shapes\line.cpp">
      <Filter>Source Files\shapes</Filter>
    </ClCompile>
    <ClCompile Include="ui\menu.cpp">
      <Filter>Source Files\ui</Filter>
    </ClCompile>
  </ItemGroup>
  <ItemGroup>
    <ClInclude Include="shapes\shape.h">
      <Filter>Header Files\shapes</Filter>
    </ClInclude>
    <ClInclude Include="smpaint.h">
      <Filter>Header Files\core</Filter>
    </ClInclude>
    <ClInclude Include="shapes\stdafx.h">
      <Filter>Header Files\shapes</Filter>
    </ClInclude>
    <ClInclude Include="shapes\shapefactory.h">
      <Filter>Header Files\shapes</Filter>
    </ClInclude>
    <ClInclude Include="shapes\isosctriangle.h">
      <Filter>Header Files\shapes</Filter>
    </ClInclude>
    <ClInclude Include="shapes\ellipse.h">
      <Filter>Header Files\shapes</Filter>
    </ClInclude>
    <ClInclude Include="shapes\rectangle.h">
      <Filter>Header Files\shapes</Filter>
    </ClInclude>
    <ClInclude Include="shapes\parallelogram.h">
      <Filter>Header Files\shapes</Filter>
    </ClInclude>
    <ClInclude Include="shapes\line.h">
      <Filter>Header Files\shapes</Filter>
    </ClInclude>
    <ClInclude Include="stdafx.h">
      <Filter>Header Files\core</Filter>
    </ClInclude>
    <ClInclude Include="ui\stdafx.h">
      <Filter>Header Files\ui</Filter>
    </ClInclude>
    <ClInclude Include="plugins\stdafx.h">
      <Filter>Header Files\plugins</Filter>
    </ClInclude>
    <ClInclude Include="plugins\ismpplugin.h">
      <Filter>Header Files\plugins</Filter>
    </ClInclude>
  </ItemGroup>
  <ItemGroup>
    <QtMoc Include="ui\sidebar.h">
      <Filter>Header Files\ui</Filter>
    </QtMoc>
    <QtMoc Include="ui\drawcanvas.h">
      <Filter>Header Files\ui</Filter>
    </QtMoc>
    <QtMoc Include="mainwidget.h">
      <Filter>Header Files\core</Filter>
    </QtMoc>
    <QtMoc Include="ui\menu.h">
      <Filter>Header Files\ui</Filter>
    </QtMoc>
  </ItemGroup>
  <ItemGroup>
    <None Include="plugins\ISmpPlugin">
      <Filter>Include Files</Filter>
    </None>
  </ItemGroup>
</Project>